
Microsoft Visual Studio Solution File, Format Version 12.00
# Visual Studio Version 17
VisualStudioVersion = 17.1.32210.238
MinimumVisualStudioVersion = 10.0.40219.1
Project("{9A19103F-16F7-4668-BE54-9A1E7A4F7556}") = "Scala.Dapper1.Wpf", "Scala.Dapper1.Wpf\Scala.Dapper1.Wpf.csproj", "{AF2C4CF7-6C2D-4635-82D0-5A5E495C6026}"
EndProject
Global
	GlobalSection(SolutionConfigurationPlatforms) = preSolution
		Debug|Any CPU = Debug|Any CPU
		Release|Any CPU = Release|Any CPU
	EndGlobalSection
	GlobalSection(ProjectConfigurationPlatforms) = postSolution
		{AF2C4CF7-6C2D-4635-82D0-5A5E495C6026}.Debug|Any CPU.ActiveCfg = Debug|Any CPU
		{AF2C4CF7-6C2D-4635-82D0-5A5E495C6026}.Debug|Any CPU.Build.0 = Debug|Any CPU
		{AF2C4CF7-6C2D-4635-82D0-5A5E495C6026}.Release|Any CPU.ActiveCfg = Release|Any CPU
		{AF2C4CF7-6C2D-4635-82D0-5A5E495C6026}.Release|Any CPU.Build.0 = Release|Any CPU
	EndGlobalSection
	GlobalSection(SolutionProperties) = preSolution
		HideSolutionNode = FALSE
	EndGlobalSection
	GlobalSection(ExtensibilityGlobals) = postSolution
		SolutionGuid = {3C83B6D4-1B35-47FA-A93F-53AF3EEA1914}
	EndGlobalSection
EndGlobal
